// !$*UTF8*$!
{
	archiveVersion = 1;
	classes = {
	};
	objectVersion = 54;
	objects = {

/* Begin PBXBuildFile section */
		71021F1E23CE531F001A842D /* GFEmptyStateView.swift in Sources */ = {isa = PBXBuildFile; fileRef = 71021F1D23CE531F001A842D /* GFEmptyStateView.swift */; };
		7108309C23C953D70036389C /* GFTitleLabel.swift in Sources */ = {isa = PBXBuildFile; fileRef = 7108309B23C953D70036389C /* GFTitleLabel.swift */; };
		7108309E23C95CDC0036389C /* GFBodyLabel.swift in Sources */ = {isa = PBXBuildFile; fileRef = 7108309D23C95CDC0036389C /* GFBodyLabel.swift */; };
		710830A023C95F2A0036389C /* GFAlertViewController.swift in Sources */ = {isa = PBXBuildFile; fileRef = 7108309F23C95F2A0036389C /* GFAlertViewController.swift */; };
		7113A03E23CCFE8100C41C50 /* UIHelper.swift in Sources */ = {isa = PBXBuildFile; fileRef = 7113A03D23CCFE8100C41C50 /* UIHelper.swift */; };
		71183A3D23C8CD4F0040E42F /* GFButton.swift in Sources */ = {isa = PBXBuildFile; fileRef = 71183A3C23C8CD4F0040E42F /* GFButton.swift */; };
		71183A3F23C8D21F0040E42F /* GFTextField.swift in Sources */ = {isa = PBXBuildFile; fileRef = 71183A3E23C8D21F0040E42F /* GFTextField.swift */; };
		711B9FDE23E4E47100D8C8C1 /* GFDataLoadingViewController.swift in Sources */ = {isa = PBXBuildFile; fileRef = 711B9FDD23E4E47100D8C8C1 /* GFDataLoadingViewController.swift */; };
		7129C13D23CAA04000325D3E /* ViewController+Ext.swift in Sources */ = {isa = PBXBuildFile; fileRef = 7129C13C23CAA04000325D3E /* ViewController+Ext.swift */; };
		714F65D623E8B61C00615AA1 /* Log.swift in Sources */ = {isa = PBXBuildFile; fileRef = 714F65D523E8B61C00615AA1 /* Log.swift */; };
		7158CCB123CF87B000D5BD6E /* UserInfoViewController.swift in Sources */ = {isa = PBXBuildFile; fileRef = 7158CCB023CF87B000D5BD6E /* UserInfoViewController.swift */; };
		715A47D223C8FA4900184527 /* FollowerListViewController.swift in Sources */ = {isa = PBXBuildFile; fileRef = 715A47D123C8FA4900184527 /* FollowerListViewController.swift */; };
		715A47D523C9104900184527 /* String+Ext.swift in Sources */ = {isa = PBXBuildFile; fileRef = 715A47D423C9104900184527 /* String+Ext.swift */; };
		716191E123DBA24500CF080D /* GFItemInfoView.swift in Sources */ = {isa = PBXBuildFile; fileRef = 716191E023DBA24500CF080D /* GFItemInfoView.swift */; };
		716191E323DBA94000CF080D /* GFItemInfoViewController.swift in Sources */ = {isa = PBXBuildFile; fileRef = 716191E223DBA94000CF080D /* GFItemInfoViewController.swift */; };
		716191E523DBAC3900CF080D /* GFRepoItemViewController.swift in Sources */ = {isa = PBXBuildFile; fileRef = 716191E423DBAC3900CF080D /* GFRepoItemViewController.swift */; };
		716191E723DBAED900CF080D /* GFFollowerItemViewController.swift in Sources */ = {isa = PBXBuildFile; fileRef = 716191E623DBAED900CF080D /* GFFollowerItemViewController.swift */; };
		716A58A323DBC19500564BC6 /* Date+Ext.swift in Sources */ = {isa = PBXBuildFile; fileRef = 716A58A223DBC19500564BC6 /* Date+Ext.swift */; };
		7170509023E4ADB8007F9B9F /* GFTabBarViewController.swift in Sources */ = {isa = PBXBuildFile; fileRef = 7170508F23E4ADB8007F9B9F /* GFTabBarViewController.swift */; };
		71763F2423C7A00A006A07BE /* SearchViewController.swift in Sources */ = {isa = PBXBuildFile; fileRef = 71763F2323C7A00A006A07BE /* SearchViewController.swift */; };
		71763F2623C7A0AA006A07BE /* FavoritesListViewController.swift in Sources */ = {isa = PBXBuildFile; fileRef = 71763F2523C7A0AA006A07BE /* FavoritesListViewController.swift */; };
		717DED0023C6501D0005C3A2 /* AppDelegate.swift in Sources */ = {isa = PBXBuildFile; fileRef = 717DECFF23C6501D0005C3A2 /* AppDelegate.swift */; };
		717DED0223C6501D0005C3A2 /* SceneDelegate.swift in Sources */ = {isa = PBXBuildFile; fileRef = 717DED0123C6501D0005C3A2 /* SceneDelegate.swift */; };
		717DED0923C6501E0005C3A2 /* Assets.xcassets in Resources */ = {isa = PBXBuildFile; fileRef = 717DED0823C6501E0005C3A2 /* Assets.xcassets */; };
		717DED0C23C6501E0005C3A2 /* LaunchScreen.storyboard in Resources */ = {isa = PBXBuildFile; fileRef = 717DED0A23C6501E0005C3A2 /* LaunchScreen.storyboard */; };
		718AF43F23DD1F3C00D27BAB /* PersistenceManager.swift in Sources */ = {isa = PBXBuildFile; fileRef = 718AF43E23DD1F3C00D27BAB /* PersistenceManager.swift */; };
		718AF44123DD30FC00D27BAB /* FavoriteCell.swift in Sources */ = {isa = PBXBuildFile; fileRef = 718AF44023DD30FC00D27BAB /* FavoriteCell.swift */; };
		719ACCDC23DA49AF00E63703 /* GFUserInfoHeaderViewController.swift in Sources */ = {isa = PBXBuildFile; fileRef = 719ACCDB23DA49AF00E63703 /* GFUserInfoHeaderViewController.swift */; };
		719ACCDE23DA4B7100E63703 /* GFSecondaryTitleLabel.swift in Sources */ = {isa = PBXBuildFile; fileRef = 719ACCDD23DA4B7100E63703 /* GFSecondaryTitleLabel.swift */; };
		719ACCE023DA58FF00E63703 /* Constants.swift in Sources */ = {isa = PBXBuildFile; fileRef = 719ACCDF23DA58FF00E63703 /* Constants.swift */; };
		719FF1D623CB812E00DEDE71 /* GFAlertContainerView.swift in Sources */ = {isa = PBXBuildFile; fileRef = 719FF1D523CB812E00DEDE71 /* GFAlertContainerView.swift */; };
		71AB8AF223E7A5380086EE26 /* UIView+Ext.swift in Sources */ = {isa = PBXBuildFile; fileRef = 71AB8AF123E7A5380086EE26 /* UIView+Ext.swift */; };
		71AB8AF423E7BF8F0086EE26 /* UITableView+Ext.swift in Sources */ = {isa = PBXBuildFile; fileRef = 71AB8AF323E7BF8F0086EE26 /* UITableView+Ext.swift */; };
		71BE88972BFE93DA00D02157 /* FollowerView.swift in Sources */ = {isa = PBXBuildFile; fileRef = 71BE88962BFE93DA00D02157 /* FollowerView.swift */; };
		71CF82CE23CB927200EE48D9 /* Follower.swift in Sources */ = {isa = PBXBuildFile; fileRef = 71CF82CD23CB927200EE48D9 /* Follower.swift */; };
		71CF82D023CB932000EE48D9 /* User.swift in Sources */ = {isa = PBXBuildFile; fileRef = 71CF82CF23CB932000EE48D9 /* User.swift */; };
		71CF82D323CBA9B000EE48D9 /* NetworkManager.swift in Sources */ = {isa = PBXBuildFile; fileRef = 71CF82D223CBA9B000EE48D9 /* NetworkManager.swift */; };
		71CF82D623CBC69000EE48D9 /* GFError.swift in Sources */ = {isa = PBXBuildFile; fileRef = 71CF82D523CBC69000EE48D9 /* GFError.swift */; };
		71CF82D923CBDFB900EE48D9 /* FollowerCell.swift in Sources */ = {isa = PBXBuildFile; fileRef = 71CF82D823CBDFB900EE48D9 /* FollowerCell.swift */; };
		71CF82DB23CBE0D900EE48D9 /* GFAvatarImageView.swift in Sources */ = {isa = PBXBuildFile; fileRef = 71CF82DA23CBE0D900EE48D9 /* GFAvatarImageView.swift */; };
/* End PBXBuildFile section */

/* Begin PBXFileReference section */
		71021F1D23CE531F001A842D /* GFEmptyStateView.swift */ = {isa = PBXFileReference; lastKnownFileType = sourcecode.swift; path = GFEmptyStateView.swift; sourceTree = "<group>"; };
		7108309B23C953D70036389C /* GFTitleLabel.swift */ = {isa = PBXFileReference; lastKnownFileType = sourcecode.swift; path = GFTitleLabel.swift; sourceTree = "<group>"; };
		7108309D23C95CDC0036389C /* GFBodyLabel.swift */ = {isa = PBXFileReference; lastKnownFileType = sourcecode.swift; path = GFBodyLabel.swift; sourceTree = "<group>"; };
		7108309F23C95F2A0036389C /* GFAlertViewController.swift */ = {isa = PBXFileReference; lastKnownFileType = sourcecode.swift; path = GFAlertViewController.swift; sourceTree = "<group>"; };
		7113A03D23CCFE8100C41C50 /* UIHelper.swift */ = {isa = PBXFileReference; lastKnownFileType = sourcecode.swift; path = UIHelper.swift; sourceTree = "<group>"; };
		71183A3C23C8CD4F0040E42F /* GFButton.swift */ = {isa = PBXFileReference; lastKnownFileType = sourcecode.swift; path = GFButton.swift; sourceTree = "<group>"; };
		71183A3E23C8D21F0040E42F /* GFTextField.swift */ = {isa = PBXFileReference; lastKnownFileType = sourcecode.swift; path = GFTextField.swift; sourceTree = "<group>"; };
		711B9FDD23E4E47100D8C8C1 /* GFDataLoadingViewController.swift */ = {isa = PBXFileReference; lastKnownFileType = sourcecode.swift; path = GFDataLoadingViewController.swift; sourceTree = "<group>"; };
		7129C13C23CAA04000325D3E /* ViewController+Ext.swift */ = {isa = PBXFileReference; lastKnownFileType = sourcecode.swift; path = "ViewController+Ext.swift"; sourceTree = "<group>"; };
		714F65D523E8B61C00615AA1 /* Log.swift */ = {isa = PBXFileReference; lastKnownFileType = sourcecode.swift; path = Log.swift; sourceTree = "<group>"; };
		7158CCB023CF87B000D5BD6E /* UserInfoViewController.swift */ = {isa = PBXFileReference; lastKnownFileType = sourcecode.swift; path = UserInfoViewController.swift; sourceTree = "<group>"; };
		715A47D123C8FA4900184527 /* FollowerListViewController.swift */ = {isa = PBXFileReference; lastKnownFileType = sourcecode.swift; path = FollowerListViewController.swift; sourceTree = "<group>"; };
		715A47D423C9104900184527 /* String+Ext.swift */ = {isa = PBXFileReference; fileEncoding = 4; lastKnownFileType = sourcecode.swift; path = "String+Ext.swift"; sourceTree = "<group>"; };
		716191E023DBA24500CF080D /* GFItemInfoView.swift */ = {isa = PBXFileReference; lastKnownFileType = sourcecode.swift; path = GFItemInfoView.swift; sourceTree = "<group>"; };
		716191E223DBA94000CF080D /* GFItemInfoViewController.swift */ = {isa = PBXFileReference; lastKnownFileType = sourcecode.swift; path = GFItemInfoViewController.swift; sourceTree = "<group>"; };
		716191E423DBAC3900CF080D /* GFRepoItemViewController.swift */ = {isa = PBXFileReference; lastKnownFileType = sourcecode.swift; path = GFRepoItemViewController.swift; sourceTree = "<group>"; };
		716191E623DBAED900CF080D /* GFFollowerItemViewController.swift */ = {isa = PBXFileReference; lastKnownFileType = sourcecode.swift; path = GFFollowerItemViewController.swift; sourceTree = "<group>"; };
		716A58A223DBC19500564BC6 /* Date+Ext.swift */ = {isa = PBXFileReference; lastKnownFileType = sourcecode.swift; path = "Date+Ext.swift"; sourceTree = "<group>"; };
		7170508F23E4ADB8007F9B9F /* GFTabBarViewController.swift */ = {isa = PBXFileReference; lastKnownFileType = sourcecode.swift; path = GFTabBarViewController.swift; sourceTree = "<group>"; };
		71763F2323C7A00A006A07BE /* SearchViewController.swift */ = {isa = PBXFileReference; lastKnownFileType = sourcecode.swift; path = SearchViewController.swift; sourceTree = "<group>"; };
		71763F2523C7A0AA006A07BE /* FavoritesListViewController.swift */ = {isa = PBXFileReference; lastKnownFileType = sourcecode.swift; path = FavoritesListViewController.swift; sourceTree = "<group>"; };
		717DECFC23C6501D0005C3A2 /* GitHFollowers.app */ = {isa = PBXFileReference; explicitFileType = wrapper.application; includeInIndex = 0; path = GitHFollowers.app; sourceTree = BUILT_PRODUCTS_DIR; };
		717DECFF23C6501D0005C3A2 /* AppDelegate.swift */ = {isa = PBXFileReference; lastKnownFileType = sourcecode.swift; path = AppDelegate.swift; sourceTree = "<group>"; };
		717DED0123C6501D0005C3A2 /* SceneDelegate.swift */ = {isa = PBXFileReference; lastKnownFileType = sourcecode.swift; path = SceneDelegate.swift; sourceTree = "<group>"; };
		717DED0823C6501E0005C3A2 /* Assets.xcassets */ = {isa = PBXFileReference; lastKnownFileType = folder.assetcatalog; path = Assets.xcassets; sourceTree = "<group>"; };
		717DED0B23C6501E0005C3A2 /* Base */ = {isa = PBXFileReference; lastKnownFileType = file.storyboard; name = Base; path = Base.lproj/LaunchScreen.storyboard; sourceTree = "<group>"; };
		717DED0D23C6501E0005C3A2 /* Info.plist */ = {isa = PBXFileReference; lastKnownFileType = text.plist.xml; path = Info.plist; sourceTree = "<group>"; };
		718AF43E23DD1F3C00D27BAB /* PersistenceManager.swift */ = {isa = PBXFileReference; lastKnownFileType = sourcecode.swift; path = PersistenceManager.swift; sourceTree = "<group>"; };
		718AF44023DD30FC00D27BAB /* FavoriteCell.swift */ = {isa = PBXFileReference; lastKnownFileType = sourcecode.swift; path = FavoriteCell.swift; sourceTree = "<group>"; };
		719ACCDB23DA49AF00E63703 /* GFUserInfoHeaderViewController.swift */ = {isa = PBXFileReference; lastKnownFileType = sourcecode.swift; path = GFUserInfoHeaderViewController.swift; sourceTree = "<group>"; };
		719ACCDD23DA4B7100E63703 /* GFSecondaryTitleLabel.swift */ = {isa = PBXFileReference; lastKnownFileType = sourcecode.swift; path = GFSecondaryTitleLabel.swift; sourceTree = "<group>"; };
		719ACCDF23DA58FF00E63703 /* Constants.swift */ = {isa = PBXFileReference; lastKnownFileType = sourcecode.swift; path = Constants.swift; sourceTree = "<group>"; };
		719FF1D523CB812E00DEDE71 /* GFAlertContainerView.swift */ = {isa = PBXFileReference; lastKnownFileType = sourcecode.swift; path = GFAlertContainerView.swift; sourceTree = "<group>"; };
		71AB8AF123E7A5380086EE26 /* UIView+Ext.swift */ = {isa = PBXFileReference; lastKnownFileType = sourcecode.swift; path = "UIView+Ext.swift"; sourceTree = "<group>"; };
		71AB8AF323E7BF8F0086EE26 /* UITableView+Ext.swift */ = {isa = PBXFileReference; lastKnownFileType = sourcecode.swift; path = "UITableView+Ext.swift"; sourceTree = "<group>"; };
		71BE88962BFE93DA00D02157 /* FollowerView.swift */ = {isa = PBXFileReference; lastKnownFileType = sourcecode.swift; path = FollowerView.swift; sourceTree = "<group>"; };
		71CF82CD23CB927200EE48D9 /* Follower.swift */ = {isa = PBXFileReference; lastKnownFileType = sourcecode.swift; path = Follower.swift; sourceTree = "<group>"; };
		71CF82CF23CB932000EE48D9 /* User.swift */ = {isa = PBXFileReference; lastKnownFileType = sourcecode.swift; path = User.swift; sourceTree = "<group>"; };
		71CF82D223CBA9B000EE48D9 /* NetworkManager.swift */ = {isa = PBXFileReference; lastKnownFileType = sourcecode.swift; path = NetworkManager.swift; sourceTree = "<group>"; };
		71CF82D523CBC69000EE48D9 /* GFError.swift */ = {isa = PBXFileReference; lastKnownFileType = sourcecode.swift; path = GFError.swift; sourceTree = "<group>"; };
		71CF82D823CBDFB900EE48D9 /* FollowerCell.swift */ = {isa = PBXFileReference; lastKnownFileType = sourcecode.swift; path = FollowerCell.swift; sourceTree = "<group>"; };
		71CF82DA23CBE0D900EE48D9 /* GFAvatarImageView.swift */ = {isa = PBXFileReference; lastKnownFileType = sourcecode.swift; path = GFAvatarImageView.swift; sourceTree = "<group>"; };
/* End PBXFileReference section */

/* Begin PBXFrameworksBuildPhase section */
		717DECF923C6501D0005C3A2 /* Frameworks */ = {
			isa = PBXFrameworksBuildPhase;
			buildActionMask = 2147483647;
			files = (
			);
			runOnlyForDeploymentPostprocessing = 0;
		};
/* End PBXFrameworksBuildPhase section */

/* Begin PBXGroup section */
		71021F1723CE5183001A842D /* Views */ = {
			isa = PBXGroup;
			children = (
				719FF1D523CB812E00DEDE71 /* GFAlertContainerView.swift */,
				71021F1D23CE531F001A842D /* GFEmptyStateView.swift */,
				716191E023DBA24500CF080D /* GFItemInfoView.swift */,
			);
			path = Views;
			sourceTree = "<group>";
		};
		71021F1823CE518D001A842D /* Buttons */ = {
			isa = PBXGroup;
			children = (
				71183A3C23C8CD4F0040E42F /* GFButton.swift */,
			);
			path = Buttons;
			sourceTree = "<group>";
		};
		71021F1923CE5195001A842D /* ImageViews */ = {
			isa = PBXGroup;
			children = (
				71CF82DA23CBE0D900EE48D9 /* GFAvatarImageView.swift */,
			);
			path = ImageViews;
			sourceTree = "<group>";
		};
		71021F1A23CE51C8001A842D /* ViewControllers */ = {
			isa = PBXGroup;
			children = (
				716191E823DBAF2200CF080D /* ItemInfoViewControllers */,
				7108309F23C95F2A0036389C /* GFAlertViewController.swift */,
				719ACCDB23DA49AF00E63703 /* GFUserInfoHeaderViewController.swift */,
				711B9FDD23E4E47100D8C8C1 /* GFDataLoadingViewController.swift */,
			);
			path = ViewControllers;
			sourceTree = "<group>";
		};
		71021F1B23CE51FB001A842D /* TextFields */ = {
			isa = PBXGroup;
			children = (
				71183A3E23C8D21F0040E42F /* GFTextField.swift */,
			);
			path = TextFields;
			sourceTree = "<group>";
		};
		71021F1C23CE5253001A842D /* Labels */ = {
			isa = PBXGroup;
			children = (
				7108309B23C953D70036389C /* GFTitleLabel.swift */,
				7108309D23C95CDC0036389C /* GFBodyLabel.swift */,
				719ACCDD23DA4B7100E63703 /* GFSecondaryTitleLabel.swift */,
			);
			path = Labels;
			sourceTree = "<group>";
		};
		71183A3B23C8CD1C0040E42F /* Custom Views */ = {
			isa = PBXGroup;
			children = (
				7170508E23E4AD90007F9B9F /* Tab Bar Controllers */,
				71021F1C23CE5253001A842D /* Labels */,
				71021F1A23CE51C8001A842D /* ViewControllers */,
				71021F1923CE5195001A842D /* ImageViews */,
				71021F1B23CE51FB001A842D /* TextFields */,
				71021F1823CE518D001A842D /* Buttons */,
				71021F1723CE5183001A842D /* Views */,
				71CF82D723CBDF9100EE48D9 /* Cells */,
			);
			path = "Custom Views";
			sourceTree = "<group>";
		};
		715A47D323C9101900184527 /* Extensions */ = {
			isa = PBXGroup;
			children = (
				715A47D423C9104900184527 /* String+Ext.swift */,
				7129C13C23CAA04000325D3E /* ViewController+Ext.swift */,
				716A58A223DBC19500564BC6 /* Date+Ext.swift */,
				71AB8AF123E7A5380086EE26 /* UIView+Ext.swift */,
				71AB8AF323E7BF8F0086EE26 /* UITableView+Ext.swift */,
			);
			path = Extensions;
			sourceTree = "<group>";
		};
		716191E823DBAF2200CF080D /* ItemInfoViewControllers */ = {
			isa = PBXGroup;
			children = (
				716191E223DBA94000CF080D /* GFItemInfoViewController.swift */,
				716191E423DBAC3900CF080D /* GFRepoItemViewController.swift */,
				716191E623DBAED900CF080D /* GFFollowerItemViewController.swift */,
			);
			path = ItemInfoViewControllers;
			sourceTree = "<group>";
		};
		7170508E23E4AD90007F9B9F /* Tab Bar Controllers */ = {
			isa = PBXGroup;
			children = (
				7170508F23E4ADB8007F9B9F /* GFTabBarViewController.swift */,
			);
			path = "Tab Bar Controllers";
			sourceTree = "<group>";
		};
		71763F2723C7A2E3006A07BE /* Scenes */ = {
			isa = PBXGroup;
			children = (
				71763F2323C7A00A006A07BE /* SearchViewController.swift */,
				71763F2523C7A0AA006A07BE /* FavoritesListViewController.swift */,
				715A47D123C8FA4900184527 /* FollowerListViewController.swift */,
				7158CCB023CF87B000D5BD6E /* UserInfoViewController.swift */,
			);
			path = Scenes;
			sourceTree = "<group>";
		};
		71763F2823C7A300006A07BE /* Support */ = {
			isa = PBXGroup;
			children = (
				717DECFF23C6501D0005C3A2 /* AppDelegate.swift */,
				717DED0123C6501D0005C3A2 /* SceneDelegate.swift */,
				717DED0823C6501E0005C3A2 /* Assets.xcassets */,
				717DED0D23C6501E0005C3A2 /* Info.plist */,
				717DED0A23C6501E0005C3A2 /* LaunchScreen.storyboard */,
			);
			path = Support;
			sourceTree = "<group>";
		};
		717DECF323C6501D0005C3A2 = {
			isa = PBXGroup;
			children = (
				717DECFE23C6501D0005C3A2 /* GitHubFollowers */,
				717DECFD23C6501D0005C3A2 /* Products */,
			);
			sourceTree = "<group>";
		};
		717DECFD23C6501D0005C3A2 /* Products */ = {
			isa = PBXGroup;
			children = (
				717DECFC23C6501D0005C3A2 /* GitHFollowers.app */,
			);
			name = Products;
			sourceTree = "<group>";
		};
		717DECFE23C6501D0005C3A2 /* GitHubFollowers */ = {
			isa = PBXGroup;
			children = (
				71CF82D423CBC68000EE48D9 /* Utilities */,
				71CF82D123CBA99C00EE48D9 /* Managers */,
				715A47D323C9101900184527 /* Extensions */,
				71CF82CC23CB926000EE48D9 /* Model */,
				71183A3B23C8CD1C0040E42F /* Custom Views */,
				71763F2723C7A2E3006A07BE /* Scenes */,
				71763F2823C7A300006A07BE /* Support */,
			);
			path = GitHubFollowers;
			sourceTree = "<group>";
		};
		71BE88952BFE93BD00D02157 /* FollowerCell */ = {
			isa = PBXGroup;
			children = (
				71CF82D823CBDFB900EE48D9 /* FollowerCell.swift */,
				71BE88962BFE93DA00D02157 /* FollowerView.swift */,
			);
			path = FollowerCell;
			sourceTree = "<group>";
		};
		71CF82CC23CB926000EE48D9 /* Model */ = {
			isa = PBXGroup;
			children = (
				71CF82CD23CB927200EE48D9 /* Follower.swift */,
				71CF82CF23CB932000EE48D9 /* User.swift */,
			);
			path = Model;
			sourceTree = "<group>";
		};
		71CF82D123CBA99C00EE48D9 /* Managers */ = {
			isa = PBXGroup;
			children = (
				71CF82D223CBA9B000EE48D9 /* NetworkManager.swift */,
				718AF43E23DD1F3C00D27BAB /* PersistenceManager.swift */,
			);
			path = Managers;
			sourceTree = "<group>";
		};
		71CF82D423CBC68000EE48D9 /* Utilities */ = {
			isa = PBXGroup;
			children = (
				71CF82D523CBC69000EE48D9 /* GFError.swift */,
				7113A03D23CCFE8100C41C50 /* UIHelper.swift */,
				719ACCDF23DA58FF00E63703 /* Constants.swift */,
				714F65D523E8B61C00615AA1 /* Log.swift */,
			);
			path = Utilities;
			sourceTree = "<group>";
		};
		71CF82D723CBDF9100EE48D9 /* Cells */ = {
			isa = PBXGroup;
			children = (
				71BE88952BFE93BD00D02157 /* FollowerCell */,
				718AF44023DD30FC00D27BAB /* FavoriteCell.swift */,
			);
			path = Cells;
			sourceTree = "<group>";
		};
/* End PBXGroup section */

/* Begin PBXNativeTarget section */
		717DECFB23C6501D0005C3A2 /* GitHubFollowers */ = {
			isa = PBXNativeTarget;
			buildConfigurationList = 717DED1023C6501E0005C3A2 /* Build configuration list for PBXNativeTarget "GitHubFollowers" */;
			buildPhases = (
				717DECF823C6501D0005C3A2 /* Sources */,
				717DECF923C6501D0005C3A2 /* Frameworks */,
				717DECFA23C6501D0005C3A2 /* Resources */,
				710830A123CA8AB60036389C /* ShellScript */,
			);
			buildRules = (
			);
			dependencies = (
			);
			name = GitHubFollowers;
			productName = GitHubFollowers;
			productReference = 717DECFC23C6501D0005C3A2 /* GitHFollowers.app */;
			productType = "com.apple.product-type.application";
		};
/* End PBXNativeTarget section */

/* Begin PBXProject section */
		717DECF423C6501D0005C3A2 /* Project object */ = {
			isa = PBXProject;
			attributes = {
				BuildIndependentTargetsInParallel = YES;
				LastSwiftUpdateCheck = 1130;
				LastUpgradeCheck = 1540;
				ORGANIZATIONNAME = "Robert DeLaurentis";
				TargetAttributes = {
					717DECFB23C6501D0005C3A2 = {
						CreatedOnToolsVersion = 11.3;
					};
				};
			};
			buildConfigurationList = 717DECF723C6501D0005C3A2 /* Build configuration list for PBXProject "GitHubFollowers" */;
			compatibilityVersion = "Xcode 9.3";
			developmentRegion = en;
			hasScannedForEncodings = 0;
			knownRegions = (
				en,
				Base,
			);
			mainGroup = 717DECF323C6501D0005C3A2;
			productRefGroup = 717DECFD23C6501D0005C3A2 /* Products */;
			projectDirPath = "";
			projectRoot = "";
			targets = (
				717DECFB23C6501D0005C3A2 /* GitHubFollowers */,
			);
		};
/* End PBXProject section */

/* Begin PBXResourcesBuildPhase section */
		717DECFA23C6501D0005C3A2 /* Resources */ = {
			isa = PBXResourcesBuildPhase;
			buildActionMask = 2147483647;
			files = (
				717DED0C23C6501E0005C3A2 /* LaunchScreen.storyboard in Resources */,
				717DED0923C6501E0005C3A2 /* Assets.xcassets in Resources */,
			);
			runOnlyForDeploymentPostprocessing = 0;
		};
/* End PBXResourcesBuildPhase section */

/* Begin PBXShellScriptBuildPhase section */
		710830A123CA8AB60036389C /* ShellScript */ = {
			isa = PBXShellScriptBuildPhase;
			alwaysOutOfDate = 1;
			buildActionMask = 12;
			files = (
			);
			inputFileListPaths = (
			);
			inputPaths = (
			);
			outputFileListPaths = (
			);
			outputPaths = (
			);
			runOnlyForDeploymentPostprocessing = 0;
			shellPath = /bin/sh;
			shellScript = "# Type a script or drag a script file from your workspace to insert its path.\nTAGS=\"TODO:|FIXME:\"\nERRORTAG=\"ERROR:\"\nfind \"${SRCROOT}\" \\( -name \"*.h\" -or -name \"*.m\" -or -name \"*.swift\" \\) -print0 | xargs -0 egrep --with-filename --line-number --only-matching \"($TAGS).*\\$|($ERRORTAG).*\\$\" | perl -p -e \"s/($TAGS)/ warning: \\$1/\" | perl -p -e \"s/($ERRORTAG)/ error: \\$1/\"\n\nif which swiftlint >/dev/null; then\n  swiftlint\nelse\n  echo \"warning: SwiftLint not installed, download from https://github.com/realm/SwiftLint\"\nfi\n";
		};
/* End PBXShellScriptBuildPhase section */

/* Begin PBXSourcesBuildPhase section */
		717DECF823C6501D0005C3A2 /* Sources */ = {
			isa = PBXSourcesBuildPhase;
			buildActionMask = 2147483647;
			files = (
				714F65D623E8B61C00615AA1 /* Log.swift in Sources */,
				719ACCE023DA58FF00E63703 /* Constants.swift in Sources */,
				71183A3F23C8D21F0040E42F /* GFTextField.swift in Sources */,
				71CF82D623CBC69000EE48D9 /* GFError.swift in Sources */,
				71CF82DB23CBE0D900EE48D9 /* GFAvatarImageView.swift in Sources */,
				7113A03E23CCFE8100C41C50 /* UIHelper.swift in Sources */,
				71CF82CE23CB927200EE48D9 /* Follower.swift in Sources */,
				7158CCB123CF87B000D5BD6E /* UserInfoViewController.swift in Sources */,
				717DED0023C6501D0005C3A2 /* AppDelegate.swift in Sources */,
				716191E123DBA24500CF080D /* GFItemInfoView.swift in Sources */,
				716A58A323DBC19500564BC6 /* Date+Ext.swift in Sources */,
				711B9FDE23E4E47100D8C8C1 /* GFDataLoadingViewController.swift in Sources */,
				7129C13D23CAA04000325D3E /* ViewController+Ext.swift in Sources */,
				716191E523DBAC3900CF080D /* GFRepoItemViewController.swift in Sources */,
				718AF43F23DD1F3C00D27BAB /* PersistenceManager.swift in Sources */,
				718AF44123DD30FC00D27BAB /* FavoriteCell.swift in Sources */,
				7170509023E4ADB8007F9B9F /* GFTabBarViewController.swift in Sources */,
				71CF82D323CBA9B000EE48D9 /* NetworkManager.swift in Sources */,
				71183A3D23C8CD4F0040E42F /* GFButton.swift in Sources */,
				716191E723DBAED900CF080D /* GFFollowerItemViewController.swift in Sources */,
				715A47D223C8FA4900184527 /* FollowerListViewController.swift in Sources */,
				71763F2423C7A00A006A07BE /* SearchViewController.swift in Sources */,
				71AB8AF423E7BF8F0086EE26 /* UITableView+Ext.swift in Sources */,
				719FF1D623CB812E00DEDE71 /* GFAlertContainerView.swift in Sources */,
				71BE88972BFE93DA00D02157 /* FollowerView.swift in Sources */,
				719ACCDE23DA4B7100E63703 /* GFSecondaryTitleLabel.swift in Sources */,
				71CF82D023CB932000EE48D9 /* User.swift in Sources */,
				719ACCDC23DA49AF00E63703 /* GFUserInfoHeaderViewController.swift in Sources */,
				71CF82D923CBDFB900EE48D9 /* FollowerCell.swift in Sources */,
				710830A023C95F2A0036389C /* GFAlertViewController.swift in Sources */,
				71021F1E23CE531F001A842D /* GFEmptyStateView.swift in Sources */,
				71763F2623C7A0AA006A07BE /* FavoritesListViewController.swift in Sources */,
				7108309C23C953D70036389C /* GFTitleLabel.swift in Sources */,
				715A47D523C9104900184527 /* String+Ext.swift in Sources */,
				716191E323DBA94000CF080D /* GFItemInfoViewController.swift in Sources */,
				71AB8AF223E7A5380086EE26 /* UIView+Ext.swift in Sources */,
				717DED0223C6501D0005C3A2 /* SceneDelegate.swift in Sources */,
				7108309E23C95CDC0036389C /* GFBodyLabel.swift in Sources */,
			);
			runOnlyForDeploymentPostprocessing = 0;
		};
/* End PBXSourcesBuildPhase section */

/* Begin PBXVariantGroup section */
		717DED0A23C6501E0005C3A2 /* LaunchScreen.storyboard */ = {
			isa = PBXVariantGroup;
			children = (
				717DED0B23C6501E0005C3A2 /* Base */,
			);
			name = LaunchScreen.storyboard;
			sourceTree = "<group>";
		};
/* End PBXVariantGroup section */

/* Begin XCBuildConfiguration section */
		717DED0E23C6501E0005C3A2 /* Debug */ = {
			isa = XCBuildConfiguration;
			buildSettings = {
				ALWAYS_SEARCH_USER_PATHS = NO;
				CLANG_ANALYZER_NONNULL = YES;
				CLANG_ANALYZER_NUMBER_OBJECT_CONVERSION = YES_AGGRESSIVE;
				CLANG_CXX_LANGUAGE_STANDARD = "gnu++14";
				CLANG_CXX_LIBRARY = "libc++";
				CLANG_ENABLE_MODULES = YES;
				CLANG_ENABLE_OBJC_ARC = YES;
				CLANG_ENABLE_OBJC_WEAK = YES;
				CLANG_WARN_BLOCK_CAPTURE_AUTORELEASING = YES;
				CLANG_WARN_BOOL_CONVERSION = YES;
				CLANG_WARN_COMMA = YES;
				CLANG_WARN_CONSTANT_CONVERSION = YES;
				CLANG_WARN_DEPRECATED_OBJC_IMPLEMENTATIONS = YES;
				CLANG_WARN_DIRECT_OBJC_ISA_USAGE = YES_ERROR;
				CLANG_WARN_DOCUMENTATION_COMMENTS = YES;
				CLANG_WARN_EMPTY_BODY = YES;
				CLANG_WARN_ENUM_CONVERSION = YES;
				CLANG_WARN_INFINITE_RECURSION = YES;
				CLANG_WARN_INT_CONVERSION = YES;
				CLANG_WARN_NON_LITERAL_NULL_CONVERSION = YES;
				CLANG_WARN_OBJC_IMPLICIT_RETAIN_SELF = YES;
				CLANG_WARN_OBJC_LITERAL_CONVERSION = YES;
				CLANG_WARN_OBJC_ROOT_CLASS = YES_ERROR;
				CLANG_WARN_QUOTED_INCLUDE_IN_FRAMEWORK_HEADER = YES;
				CLANG_WARN_RANGE_LOOP_ANALYSIS = YES;
				CLANG_WARN_STRICT_PROTOTYPES = YES;
				CLANG_WARN_SUSPICIOUS_MOVE = YES;
				CLANG_WARN_UNGUARDED_AVAILABILITY = YES_AGGRESSIVE;
				CLANG_WARN_UNREACHABLE_CODE = YES;
				CLANG_WARN__DUPLICATE_METHOD_MATCH = YES;
				COPY_PHASE_STRIP = NO;
				DEBUG_INFORMATION_FORMAT = dwarf;
				ENABLE_STRICT_OBJC_MSGSEND = YES;
				ENABLE_TESTABILITY = YES;
				GCC_C_LANGUAGE_STANDARD = gnu11;
				GCC_DYNAMIC_NO_PIC = NO;
				GCC_NO_COMMON_BLOCKS = YES;
				GCC_OPTIMIZATION_LEVEL = 0;
				GCC_PREPROCESSOR_DEFINITIONS = (
					"DEBUG=1",
					"$(inherited)",
				);
				GCC_WARN_64_TO_32_BIT_CONVERSION = YES;
				GCC_WARN_ABOUT_RETURN_TYPE = YES_ERROR;
				GCC_WARN_UNDECLARED_SELECTOR = YES;
				GCC_WARN_UNINITIALIZED_AUTOS = YES_AGGRESSIVE;
				GCC_WARN_UNUSED_FUNCTION = YES;
				GCC_WARN_UNUSED_VARIABLE = YES;
				IPHONEOS_DEPLOYMENT_TARGET = 17.5;
				MTL_ENABLE_DEBUG_INFO = INCLUDE_SOURCE;
				MTL_FAST_MATH = YES;
				ONLY_ACTIVE_ARCH = YES;
				SDKROOT = iphoneos;
				SWIFT_ACTIVE_COMPILATION_CONDITIONS = DEBUG;
				SWIFT_OPTIMIZATION_LEVEL = "-Onone";
			};
			name = Debug;
		};
		717DED0F23C6501E0005C3A2 /* Release */ = {
			isa = XCBuildConfiguration;
			buildSettings = {
				ALWAYS_SEARCH_USER_PATHS = NO;
				CLANG_ANALYZER_NONNULL = YES;
				CLANG_ANALYZER_NUMBER_OBJECT_CONVERSION = YES_AGGRESSIVE;
				CLANG_CXX_LANGUAGE_STANDARD = "gnu++14";
				CLANG_CXX_LIBRARY = "libc++";
				CLANG_ENABLE_MODULES = YES;
				CLANG_ENABLE_OBJC_ARC = YES;
				CLANG_ENABLE_OBJC_WEAK = YES;
				CLANG_WARN_BLOCK_CAPTURE_AUTORELEASING = YES;
				CLANG_WARN_BOOL_CONVERSION = YES;
				CLANG_WARN_COMMA = YES;
				CLANG_WARN_CONSTANT_CONVERSION = YES;
				CLANG_WARN_DEPRECATED_OBJC_IMPLEMENTATIONS = YES;
				CLANG_WARN_DIRECT_OBJC_ISA_USAGE = YES_ERROR;
				CLANG_WARN_DOCUMENTATION_COMMENTS = YES;
				CLANG_WARN_EMPTY_BODY = YES;
				CLANG_WARN_ENUM_CONVERSION = YES;
				CLANG_WARN_INFINITE_RECURSION = YES;
				CLANG_WARN_INT_CONVERSION = YES;
				CLANG_WARN_NON_LITERAL_NULL_CONVERSION = YES;
				CLANG_WARN_OBJC_IMPLICIT_RETAIN_SELF = YES;
				CLANG_WARN_OBJC_LITERAL_CONVERSION = YES;
				CLANG_WARN_OBJC_ROOT_CLASS = YES_ERROR;
				CLANG_WARN_QUOTED_INCLUDE_IN_FRAMEWORK_HEADER = YES;
				CLANG_WARN_RANGE_LOOP_ANALYSIS = YES;
				CLANG_WARN_STRICT_PROTOTYPES = YES;
				CLANG_WARN_SUSPICIOUS_MOVE = YES;
				CLANG_WARN_UNGUARDED_AVAILABILITY = YES_AGGRESSIVE;
				CLANG_WARN_UNREACHABLE_CODE = YES;
				CLANG_WARN__DUPLICATE_METHOD_MATCH = YES;
				COPY_PHASE_STRIP = NO;
				DEBUG_INFORMATION_FORMAT = "dwarf-with-dsym";
				ENABLE_NS_ASSERTIONS = NO;
				ENABLE_STRICT_OBJC_MSGSEND = YES;
				GCC_C_LANGUAGE_STANDARD = gnu11;
				GCC_NO_COMMON_BLOCKS = YES;
				GCC_WARN_64_TO_32_BIT_CONVERSION = YES;
				GCC_WARN_ABOUT_RETURN_TYPE = YES_ERROR;
				GCC_WARN_UNDECLARED_SELECTOR = YES;
				GCC_WARN_UNINITIALIZED_AUTOS = YES_AGGRESSIVE;
				GCC_WARN_UNUSED_FUNCTION = YES;
				GCC_WARN_UNUSED_VARIABLE = YES;
				IPHONEOS_DEPLOYMENT_TARGET = 17.5;
				MTL_ENABLE_DEBUG_INFO = NO;
				MTL_FAST_MATH = YES;
				SDKROOT = iphoneos;
				SWIFT_COMPILATION_MODE = wholemodule;
				SWIFT_OPTIMIZATION_LEVEL = "-O";
				VALIDATE_PRODUCT = YES;
			};
			name = Release;
		};
		717DED1123C6501E0005C3A2 /* Debug */ = {
			isa = XCBuildConfiguration;
			buildSettings = {
				ASSETCATALOG_COMPILER_APPICON_NAME = AppIcon;
				CODE_SIGN_STYLE = Automatic;
				DEVELOPMENT_TEAM = 7Y3X25PDL6;
				INFOPLIST_FILE = "$(SRCROOT)/GitHubFollowers/Support/Info.plist";
				IPHONEOS_DEPLOYMENT_TARGET = 17.5;
				LD_RUNPATH_SEARCH_PATHS = (
					"$(inherited)",
					"@executable_path/Frameworks",
				);
				PRODUCT_BUNDLE_IDENTIFIER = com.bobdel.GitHubFollowers;
				PRODUCT_NAME = GitHFollowers;
				SWIFT_VERSION = 5.0;
				TARGETED_DEVICE_FAMILY = 1;
			};
			name = Debug;
		};
		717DED1223C6501E0005C3A2 /* Release */ = {
			isa = XCBuildConfiguration;
			buildSettings = {
				ASSETCATALOG_COMPILER_APPICON_NAME = AppIcon;
				CODE_SIGN_STYLE = Automatic;
				DEVELOPMENT_TEAM = 7Y3X25PDL6;
				INFOPLIST_FILE = "$(SRCROOT)/GitHubFollowers/Support/Info.plist";
				IPHONEOS_DEPLOYMENT_TARGET = 17.5;
				LD_RUNPATH_SEARCH_PATHS = (
					"$(inherited)",
					"@executable_path/Frameworks",
				);
				PRODUCT_BUNDLE_IDENTIFIER = com.bobdel.GitHubFollowers;
				PRODUCT_NAME = GitHFollowers;
				SWIFT_VERSION = 5.0;
				TARGETED_DEVICE_FAMILY = 1;
			};
			name = Release;
		};
/* End XCBuildConfiguration section */

/* Begin XCConfigurationList section */
		717DECF723C6501D0005C3A2 /* Build configuration list for PBXProject "GitHubFollowers" */ = {
			isa = XCConfigurationList;
			buildConfigurations = (
				717DED0E23C6501E0005C3A2 /* Debug */,
				717DED0F23C6501E0005C3A2 /* Release */,
			);
			defaultConfigurationIsVisible = 0;
			defaultConfigurationName = Release;
		};
		717DED1023C6501E0005C3A2 /* Build configuration list for PBXNativeTarget "GitHubFollowers" */ = {
			isa = XCConfigurationList;
			buildConfigurations = (
				717DED1123C6501E0005C3A2 /* Debug */,
				717DED1223C6501E0005C3A2 /* Release */,
			);
			defaultConfigurationIsVisible = 0;
			defaultConfigurationName = Release;
		};
/* End XCConfigurationList section */
	};
	rootObject = 717DECF423C6501D0005C3A2 /* Project object */;
}
